
Microsoft Visual Studio Solution File, Format Version 12.00
# Visual Studio 15
VisualStudioVersion = 15.0.28307.271
MinimumVisualStudioVersion = 10.0.40219.1
Project("{9A19103F-16F7-4668-BE54-9A1E7A4F7556}") = "DotSnake", "DotSnake\DotSnake.csproj", "{5E837536-6C39-4653-842E-D88839E72BFD}"
EndProject
Global
	GlobalSection(SolutionConfigurationPlatforms) = preSolution
		Debug|Any CPU = Debug|Any CPU
		Release|Any CPU = Release|Any CPU
	EndGlobalSection
	GlobalSection(ProjectConfigurationPlatforms) = postSolution
		{5E837536-6C39-4653-842E-D88839E72BFD}.Debug|Any CPU.ActiveCfg = Debug|Any CPU
		{5E837536-6C39-4653-842E-D88839E72BFD}.Debug|Any CPU.Build.0 = Debug|Any CPU
		{5E837536-6C39-4653-842E-D88839E72BFD}.Release|Any CPU.ActiveCfg = Release|Any CPU
		{5E837536-6C39-4653-842E-D88839E72BFD}.Release|Any CPU.Build.0 = Release|Any CPU
	EndGlobalSection
	GlobalSection(SolutionProperties) = preSolution
		HideSolutionNode = FALSE
	EndGlobalSection
	GlobalSection(ExtensibilityGlobals) = postSolution
		SolutionGuid = {EC3AB270-7086-438C-8736-C5AE18350CF4}
	EndGlobalSection
EndGlobal
